
Microsoft Visual Studio Solution File, Format Version 12.00
# Visual Studio Version 16
VisualStudioVersion = 16.0.29911.84
MinimumVisualStudioVersion = 10.0.40219.1
Project("{2150E333-8FDC-42A3-9474-1A3956D46DE8}") = "Chapter10", "Chapter10", "{6FC4EF87-1720-41DD-8BDA-938EF0A8E9C2}"
EndProject
Project("{FAE04EC0-301F-11D3-BF4B-00C04F79EFBC}") = "DelegateEx1", "DelegateEx1\DelegateEx1.csproj", "{562B6880-74D6-4743-A55C-E85F47F4FE93}"
EndProject
Project("{FAE04EC0-301F-11D3-BF4B-00C04F79EFBC}") = "Quiz1OnDelegate", "Quiz1OnDelegate\Quiz1OnDelegate.csproj", "{5178ADEE-DD57-414D-AA41-F46236CB035C}"
EndProject
Project("{FAE04EC0-301F-11D3-BF4B-00C04F79EFBC}") = "MulticastDelegateEx1", "MulticastDelegateEx1\MulticastDelegateEx1.csproj", "{0E8C4E17-ED47-4415-861D-F94D8898CCDB}"
EndProject
Project("{FAE04EC0-301F-11D3-BF4B-00C04F79EFBC}") = "MulticastDelegateEx2", "MulticastDelegateEx2\MulticastDelegateEx2.csproj", "{75DCF127-9DDD-4CF8-B598-55D0D0CDB672}"
EndProject
Project("{FAE04EC0-301F-11D3-BF4B-00C04F79EFBC}") = "CovarianceWithDelegatesEx1", "CovarianceWithDelegateEx1\CovarianceWithDelegatesEx1.csproj", "{36B01AE4-2129-4689-8785-7FC9A0EA6A34}"
EndProject
Project("{FAE04EC0-301F-11D3-BF4B-00C04F79EFBC}") = "ContravarianceWithDelegatesEx1", "ContravarianceWithDelegatesEx1\ContravarianceWithDelegatesEx1.csproj", "{AB67D448-94B3-4102-AFFC-A578A58CF82B}"
EndProject
Project("{FAE04EC0-301F-11D3-BF4B-00C04F79EFBC}") = "EventEx1", "EventEx1\EventEx1.csproj", "{21C2A7C6-5C22-45A4-8187-9BF28687FF75}"
EndProject
Project("{FAE04EC0-301F-11D3-BF4B-00C04F79EFBC}") = "EventEx2", "EventEx2\EventEx2.csproj", "{E03D0F75-2233-4673-9AA4-43D03C40B101}"
EndProject
Project("{FAE04EC0-301F-11D3-BF4B-00C04F79EFBC}") = "EventAccessorsEx1", "EventAccessorsEx1\EventAccessorsEx1.csproj", "{87D76894-B86B-43FF-95AA-3C16115BA54B}"
EndProject
Global
	GlobalSection(SolutionConfigurationPlatforms) = preSolution
		Debug|Any CPU = Debug|Any CPU
		Release|Any CPU = Release|Any CPU
	EndGlobalSection
	GlobalSection(ProjectConfigurationPlatforms) = postSolution
		{562B6880-74D6-4743-A55C-E85F47F4FE93}.Debug|Any CPU.ActiveCfg = Debug|Any CPU
		{562B6880-74D6-4743-A55C-E85F47F4FE93}.Debug|Any CPU.Build.0 = Debug|Any CPU
		{562B6880-74D6-4743-A55C-E85F47F4FE93}.Release|Any CPU.ActiveCfg = Release|Any CPU
		{562B6880-74D6-4743-A55C-E85F47F4FE93}.Release|Any CPU.Build.0 = Release|Any CPU
		{5178ADEE-DD57-414D-AA41-F46236CB035C}.Debug|Any CPU.ActiveCfg = Debug|Any CPU
		{5178ADEE-DD57-414D-AA41-F46236CB035C}.Debug|Any CPU.Build.0 = Debug|Any CPU
		{5178ADEE-DD57-414D-AA41-F46236CB035C}.Release|Any CPU.ActiveCfg = Release|Any CPU
		{5178ADEE-DD57-414D-AA41-F46236CB035C}.Release|Any CPU.Build.0 = Release|Any CPU
		{0E8C4E17-ED47-4415-861D-F94D8898CCDB}.Debug|Any CPU.ActiveCfg = Debug|Any CPU
		{0E8C4E17-ED47-4415-861D-F94D8898CCDB}.Debug|Any CPU.Build.0 = Debug|Any CPU
		{0E8C4E17-ED47-4415-861D-F94D8898CCDB}.Release|Any CPU.ActiveCfg = Release|Any CPU
		{0E8C4E17-ED47-4415-861D-F94D8898CCDB}.Release|Any CPU.Build.0 = Release|Any CPU
		{75DCF127-9DDD-4CF8-B598-55D0D0CDB672}.Debug|Any CPU.ActiveCfg = Debug|Any CPU
		{75DCF127-9DDD-4CF8-B598-55D0D0CDB672}.Debug|Any CPU.Build.0 = Debug|Any CPU
		{75DCF127-9DDD-4CF8-B598-55D0D0CDB672}.Release|Any CPU.ActiveCfg = Release|Any CPU
		{75DCF127-9DDD-4CF8-B598-55D0D0CDB672}.Release|Any CPU.Build.0 = Release|Any CPU
		{36B01AE4-2129-4689-8785-7FC9A0EA6A34}.Debug|Any CPU.ActiveCfg = Debug|Any CPU
		{36B01AE4-2129-4689-8785-7FC9A0EA6A34}.Debug|Any CPU.Build.0 = Debug|Any CPU
		{36B01AE4-2129-4689-8785-7FC9A0EA6A34}.Release|Any CPU.ActiveCfg = Release|Any CPU
		{36B01AE4-2129-4689-8785-7FC9A0EA6A34}.Release|Any CPU.Build.0 = Release|Any CPU
		{AB67D448-94B3-4102-AFFC-A578A58CF82B}.Debug|Any CPU.ActiveCfg = Debug|Any CPU
		{AB67D448-94B3-4102-AFFC-A578A58CF82B}.Debug|Any CPU.Build.0 = Debug|Any CPU
		{AB67D448-94B3-4102-AFFC-A578A58CF82B}.Release|Any CPU.ActiveCfg = Release|Any CPU
		{AB67D448-94B3-4102-AFFC-A578A58CF82B}.Release|Any CPU.Build.0 = Release|Any CPU
		{21C2A7C6-5C22-45A4-8187-9BF28687FF75}.Debug|Any CPU.ActiveCfg = Debug|Any CPU
		{21C2A7C6-5C22-45A4-8187-9BF28687FF75}.Debug|Any CPU.Build.0 = Debug|Any CPU
		{21C2A7C6-5C22-45A4-8187-9BF28687FF75}.Release|Any CPU.ActiveCfg = Release|Any CPU
		{21C2A7C6-5C22-45A4-8187-9BF28687FF75}.Release|Any CPU.Build.0 = Release|Any CPU
		{E03D0F75-2233-4673-9AA4-43D03C40B101}.Debug|Any CPU.ActiveCfg = Debug|Any CPU
		{E03D0F75-2233-4673-9AA4-43D03C40B101}.Debug|Any CPU.Build.0 = Debug|Any CPU
		{E03D0F75-2233-4673-9AA4-43D03C40B101}.Release|Any CPU.ActiveCfg = Release|Any CPU
		{E03D0F75-2233-4673-9AA4-43D03C40B101}.Release|Any CPU.Build.0 = Release|Any CPU
		{87D76894-B86B-43FF-95AA-3C16115BA54B}.Debug|Any CPU.ActiveCfg = Debug|Any CPU
		{87D76894-B86B-43FF-95AA-3C16115BA54B}.Debug|Any CPU.Build.0 = Debug|Any CPU
		{87D76894-B86B-43FF-95AA-3C16115BA54B}.Release|Any CPU.ActiveCfg = Release|Any CPU
		{87D76894-B86B-43FF-95AA-3C16115BA54B}.Release|Any CPU.Build.0 = Release|Any CPU
	EndGlobalSection
	GlobalSection(SolutionProperties) = preSolution
		HideSolutionNode = FALSE
	EndGlobalSection
	GlobalSection(NestedProjects) = preSolution
		{562B6880-74D6-4743-A55C-E85F47F4FE93} = {6FC4EF87-1720-41DD-8BDA-938EF0A8E9C2}
		{5178ADEE-DD57-414D-AA41-F46236CB035C} = {6FC4EF87-1720-41DD-8BDA-938EF0A8E9C2}
		{0E8C4E17-ED47-4415-861D-F94D8898CCDB} = {6FC4EF87-1720-41DD-8BDA-938EF0A8E9C2}
		{75DCF127-9DDD-4CF8-B598-55D0D0CDB672} = {6FC4EF87-1720-41DD-8BDA-938EF0A8E9C2}
		{36B01AE4-2129-4689-8785-7FC9A0EA6A34} = {6FC4EF87-1720-41DD-8BDA-938EF0A8E9C2}
		{AB67D448-94B3-4102-AFFC-A578A58CF82B} = {6FC4EF87-1720-41DD-8BDA-938EF0A8E9C2}
		{21C2A7C6-5C22-45A4-8187-9BF28687FF75} = {6FC4EF87-1720-41DD-8BDA-938EF0A8E9C2}
		{E03D0F75-2233-4673-9AA4-43D03C40B101} = {6FC4EF87-1720-41DD-8BDA-938EF0A8E9C2}
		{87D76894-B86B-43FF-95AA-3C16115BA54B} = {6FC4EF87-1720-41DD-8BDA-938EF0A8E9C2}
	EndGlobalSection
	GlobalSection(ExtensibilityGlobals) = postSolution
		SolutionGuid = {E43CDAB9-5FA3-4E7F-9275-0BF8B7069F76}
	EndGlobalSection
EndGlobal
